// !$*UTF8*$!
{
	archiveVersion = 1;
	classes = {
	};
	objectVersion = 56;
	objects = {

/* Begin PBXBuildFile section */
		0F32FF68292E1C16000B2E24 /* AppDelegate.swift in Sources */ = {isa = PBXBuildFile; fileRef = 0F32FF67292E1C16000B2E24 /* AppDelegate.swift */; };
		0F32FF71292E1C17000B2E24 /* Assets.xcassets in Resources */ = {isa = PBXBuildFile; fileRef = 0F32FF70292E1C17000B2E24 /* Assets.xcassets */; };
		0F32FF74292E1C17000B2E24 /* LaunchScreen.storyboard in Resources */ = {isa = PBXBuildFile; fileRef = 0F32FF72292E1C17000B2E24 /* LaunchScreen.storyboard */; };
		0F32FF7F292E1CC9000B2E24 /* DemoViewController.swift in Sources */ = {isa = PBXBuildFile; fileRef = 0F32FF7E292E1CC9000B2E24 /* DemoViewController.swift */; };
		0F32FF82292E2454000B2E24 /* MAChain.swift in Sources */ = {isa = PBXBuildFile; fileRef = 0F32FF81292E2454000B2E24 /* MAChain.swift */; };
		0F32FF85292E2F0D000B2E24 /* MACarousalViewModel.swift in Sources */ = {isa = PBXBuildFile; fileRef = 0F32FF84292E2F0D000B2E24 /* MACarousalViewModel.swift */; };
		0F32FF89292E2F30000B2E24 /* MACarousalBannerView.swift in Sources */ = {isa = PBXBuildFile; fileRef = 0F32FF87292E2F30000B2E24 /* MACarousalBannerView.swift */; };
		0F32FF8A292E2F30000B2E24 /* MACarousalViewCell.swift in Sources */ = {isa = PBXBuildFile; fileRef = 0F32FF88292E2F30000B2E24 /* MACarousalViewCell.swift */; };
		0F32FF8C292E4144000B2E24 /* Constants.swift in Sources */ = {isa = PBXBuildFile; fileRef = 0F32FF8B292E4144000B2E24 /* Constants.swift */; };
		0FCAF394299B5B1D007EAA05 /* MACarousalBannerViewModel.swift in Sources */ = {isa = PBXBuildFile; fileRef = 0FCAF393299B5B1D007EAA05 /* MACarousalBannerViewModel.swift */; };
/* End PBXBuildFile section */

/* Begin PBXFileReference section */
		0F32FF64292E1C16000B2E24 /* MACircularCarousalBanner.app */ = {isa = PBXFileReference; explicitFileType = wrapper.application; includeInIndex = 0; path = MACircularCarousalBanner.app; sourceTree = BUILT_PRODUCTS_DIR; };
		0F32FF67292E1C16000B2E24 /* AppDelegate.swift */ = {isa = PBXFileReference; lastKnownFileType = sourcecode.swift; path = AppDelegate.swift; sourceTree = "<group>"; };
		0F32FF70292E1C17000B2E24 /* Assets.xcassets */ = {isa = PBXFileReference; lastKnownFileType = folder.assetcatalog; path = Assets.xcassets; sourceTree = "<group>"; };
		0F32FF73292E1C17000B2E24 /* Base */ = {isa = PBXFileReference; lastKnownFileType = file.storyboard; name = Base; path = Base.lproj/LaunchScreen.storyboard; sourceTree = "<group>"; };
		0F32FF75292E1C17000B2E24 /* Info.plist */ = {isa = PBXFileReference; lastKnownFileType = text.plist.xml; path = Info.plist; sourceTree = "<group>"; };
		0F32FF7E292E1CC9000B2E24 /* DemoViewController.swift */ = {isa = PBXFileReference; lastKnownFileType = sourcecode.swift; path = DemoViewController.swift; sourceTree = "<group>"; };
		0F32FF81292E2454000B2E24 /* MAChain.swift */ = {isa = PBXFileReference; fileEncoding = 4; lastKnownFileType = sourcecode.swift; path = MAChain.swift; sourceTree = "<group>"; };
		0F32FF84292E2F0D000B2E24 /* MACarousalViewModel.swift */ = {isa = PBXFileReference; fileEncoding = 4; lastKnownFileType = sourcecode.swift; path = MACarousalViewModel.swift; sourceTree = "<group>"; };
		0F32FF87292E2F30000B2E24 /* MACarousalBannerView.swift */ = {isa = PBXFileReference; fileEncoding = 4; lastKnownFileType = sourcecode.swift; path = MACarousalBannerView.swift; sourceTree = "<group>"; };
		0F32FF88292E2F30000B2E24 /* MACarousalViewCell.swift */ = {isa = PBXFileReference; fileEncoding = 4; lastKnownFileType = sourcecode.swift; path = MACarousalViewCell.swift; sourceTree = "<group>"; };
		0F32FF8B292E4144000B2E24 /* Constants.swift */ = {isa = PBXFileReference; lastKnownFileType = sourcecode.swift; path = Constants.swift; sourceTree = "<group>"; };
		0FCAF393299B5B1D007EAA05 /* MACarousalBannerViewModel.swift */ = {isa = PBXFileReference; lastKnownFileType = sourcecode.swift; path = MACarousalBannerViewModel.swift; sourceTree = "<group>"; };
/* End PBXFileReference section */

/* Begin PBXFrameworksBuildPhase section */
		0F32FF61292E1C16000B2E24 /* Frameworks */ = {
			isa = PBXFrameworksBuildPhase;
			buildActionMask = 2147483647;
			files = (
			);
			runOnlyForDeploymentPostprocessing = 0;
		};
/* End PBXFrameworksBuildPhase section */

/* Begin PBXGroup section */
		0F32FF5B292E1C16000B2E24 = {
			isa = PBXGroup;
			children = (
				0F32FF66292E1C16000B2E24 /* MACircularCarousalBanner */,
				0F32FF65292E1C16000B2E24 /* Products */,
			);
			sourceTree = "<group>";
		};
		0F32FF65292E1C16000B2E24 /* Products */ = {
			isa = PBXGroup;
			children = (
				0F32FF64292E1C16000B2E24 /* MACircularCarousalBanner.app */,
			);
			name = Products;
			sourceTree = "<group>";
		};
		0F32FF66292E1C16000B2E24 /* MACircularCarousalBanner */ = {
			isa = PBXGroup;
			children = (
				0F32FF7B292E1C32000B2E24 /* App */,
				0F32FF80292E243F000B2E24 /* Model */,
				0F32FF83292E2EFA000B2E24 /* View-model */,
				0F32FF7D292E1C4F000B2E24 /* Controller */,
				0F32FF86292E2F20000B2E24 /* View */,
				0F32FF7C292E1C47000B2E24 /* Resources */,
				0F32FF75292E1C17000B2E24 /* Info.plist */,
			);
			path = MACircularCarousalBanner;
			sourceTree = "<group>";
		};
		0F32FF7B292E1C32000B2E24 /* App */ = {
			isa = PBXGroup;
			children = (
				0F32FF67292E1C16000B2E24 /* AppDelegate.swift */,
			);
			path = App;
			sourceTree = "<group>";
		};
		0F32FF7C292E1C47000B2E24 /* Resources */ = {
			isa = PBXGroup;
			children = (
				0F32FF8B292E4144000B2E24 /* Constants.swift */,
				0F32FF70292E1C17000B2E24 /* Assets.xcassets */,
				0F32FF72292E1C17000B2E24 /* LaunchScreen.storyboard */,
			);
			path = Resources;
			sourceTree = "<group>";
		};
		0F32FF7D292E1C4F000B2E24 /* Controller */ = {
			isa = PBXGroup;
			children = (
				0F32FF7E292E1CC9000B2E24 /* DemoViewController.swift */,
			);
			path = Controller;
			sourceTree = "<group>";
		};
		0F32FF80292E243F000B2E24 /* Model */ = {
			isa = PBXGroup;
			children = (
				0F32FF81292E2454000B2E24 /* MAChain.swift */,
			);
			path = Model;
			sourceTree = "<group>";
		};
		0F32FF83292E2EFA000B2E24 /* View-model */ = {
			isa = PBXGroup;
			children = (
				0F32FF84292E2F0D000B2E24 /* MACarousalViewModel.swift */,
			);
			path = "View-model";
			sourceTree = "<group>";
		};
		0F32FF86292E2F20000B2E24 /* View */ = {
			isa = PBXGroup;
			children = (
				0F32FF88292E2F30000B2E24 /* MACarousalViewCell.swift */,
				0F32FF87292E2F30000B2E24 /* MACarousalBannerView.swift */,
				0FCAF393299B5B1D007EAA05 /* MACarousalBannerViewModel.swift */,
			);
			path = View;
			sourceTree = "<group>";
		};
/* End PBXGroup section */

/* Begin PBXNativeTarget section */
		0F32FF63292E1C16000B2E24 /* MACircularCarousalBanner */ = {
			isa = PBXNativeTarget;
			buildConfigurationList = 0F32FF78292E1C17000B2E24 /* Build configuration list for PBXNativeTarget "MACircularCarousalBanner" */;
			buildPhases = (
				0F32FF60292E1C16000B2E24 /* Sources */,
				0F32FF61292E1C16000B2E24 /* Frameworks */,
				0F32FF62292E1C16000B2E24 /* Resources */,
			);
			buildRules = (
			);
			dependencies = (
			);
			name = MACircularCarousalBanner;
			productName = MACircularCarousalBanner;
			productReference = 0F32FF64292E1C16000B2E24 /* MACircularCarousalBanner.app */;
			productType = "com.apple.product-type.application";
		};
/* End PBXNativeTarget section */

/* Begin PBXProject section */
		0F32FF5C292E1C16000B2E24 /* Project object */ = {
			isa = PBXProject;
			attributes = {
				BuildIndependentTargetsInParallel = 1;
				LastSwiftUpdateCheck = 1400;
				LastUpgradeCheck = 1400;
				TargetAttributes = {
					0F32FF63292E1C16000B2E24 = {
						CreatedOnToolsVersion = 14.0.1;
					};
				};
			};
			buildConfigurationList = 0F32FF5F292E1C16000B2E24 /* Build configuration list for PBXProject "MACircularCarousalBanner" */;
			compatibilityVersion = "Xcode 14.0";
			developmentRegion = en;
			hasScannedForEncodings = 0;
			knownRegions = (
				en,
				Base,
			);
			mainGroup = 0F32FF5B292E1C16000B2E24;
			productRefGroup = 0F32FF65292E1C16000B2E24 /* Products */;
			projectDirPath = "";
			projectRoot = "";
			targets = (
				0F32FF63292E1C16000B2E24 /* MACircularCarousalBanner */,
			);
		};
/* End PBXProject section */

/* Begin PBXResourcesBuildPhase section */
		0F32FF62292E1C16000B2E24 /* Resources */ = {
			isa = PBXResourcesBuildPhase;
			buildActionMask = 2147483647;
			files = (
				0F32FF74292E1C17000B2E24 /* LaunchScreen.storyboard in Resources */,
				0F32FF71292E1C17000B2E24 /* Assets.xcassets in Resources */,
			);
			runOnlyForDeploymentPostprocessing = 0;
		};
/* End PBXResourcesBuildPhase section */

/* Begin PBXSourcesBuildPhase section */
		0F32FF60292E1C16000B2E24 /* Sources */ = {
			isa = PBXSourcesBuildPhase;
			buildActionMask = 2147483647;
			files = (
				0F32FF8A292E2F30000B2E24 /* MACarousalViewCell.swift in Sources */,
				0F32FF85292E2F0D000B2E24 /* MACarousalViewModel.swift in Sources */,
				0F32FF68292E1C16000B2E24 /* AppDelegate.swift in Sources */,
				0F32FF89292E2F30000B2E24 /* MACarousalBannerView.swift in Sources */,
				0FCAF394299B5B1D007EAA05 /* MACarousalBannerViewModel.swift in Sources */,
				0F32FF8C292E4144000B2E24 /* Constants.swift in Sources */,
				0F32FF7F292E1CC9000B2E24 /* DemoViewController.swift in Sources */,
				0F32FF82292E2454000B2E24 /* MAChain.swift in Sources */,
			);
			runOnlyForDeploymentPostprocessing = 0;
		};
/* End PBXSourcesBuildPhase section */

/* Begin PBXVariantGroup section */
		0F32FF72292E1C17000B2E24 /* LaunchScreen.storyboard */ = {
			isa = PBXVariantGroup;
			children = (
				0F32FF73292E1C17000B2E24 /* Base */,
			);
			name = LaunchScreen.storyboard;
			sourceTree = "<group>";
		};
/* End PBXVariantGroup section */

/* Begin XCBuildConfiguration section */
		0F32FF76292E1C17000B2E24 /* Debug */ = {
			isa = XCBuildConfiguration;
			buildSettings = {
				ALWAYS_SEARCH_USER_PATHS = NO;
				CLANG_ANALYZER_NONNULL = YES;
				CLANG_ANALYZER_NUMBER_OBJECT_CONVERSION = YES_AGGRESSIVE;
				CLANG_CXX_LANGUAGE_STANDARD = "gnu++20";
				CLANG_ENABLE_MODULES = YES;
				CLANG_ENABLE_OBJC_ARC = YES;
				CLANG_ENABLE_OBJC_WEAK = YES;
				CLANG_WARN_BLOCK_CAPTURE_AUTORELEASING = YES;
				CLANG_WARN_BOOL_CONVERSION = YES;
				CLANG_WARN_COMMA = YES;
				CLANG_WARN_CONSTANT_CONVERSION = YES;
				CLANG_WARN_DEPRECATED_OBJC_IMPLEMENTATIONS = YES;
				CLANG_WARN_DIRECT_OBJC_ISA_USAGE = YES_ERROR;
				CLANG_WARN_DOCUMENTATION_COMMENTS = YES;
				CLANG_WARN_EMPTY_BODY = YES;
				CLANG_WARN_ENUM_CONVERSION = YES;
				CLANG_WARN_INFINITE_RECURSION = YES;
				CLANG_WARN_INT_CONVERSION = YES;
				CLANG_WARN_NON_LITERAL_NULL_CONVERSION = YES;
				CLANG_WARN_OBJC_IMPLICIT_RETAIN_SELF = YES;
				CLANG_WARN_OBJC_LITERAL_CONVERSION = YES;
				CLANG_WARN_OBJC_ROOT_CLASS = YES_ERROR;
				CLANG_WARN_QUOTED_INCLUDE_IN_FRAMEWORK_HEADER = YES;
				CLANG_WARN_RANGE_LOOP_ANALYSIS = YES;
				CLANG_WARN_STRICT_PROTOTYPES = YES;
				CLANG_WARN_SUSPICIOUS_MOVE = YES;
				CLANG_WARN_UNGUARDED_AVAILABILITY = YES_AGGRESSIVE;
				CLANG_WARN_UNREACHABLE_CODE = YES;
				CLANG_WARN__DUPLICATE_METHOD_MATCH = YES;
				COPY_PHASE_STRIP = NO;
				DEBUG_INFORMATION_FORMAT = dwarf;
				ENABLE_STRICT_OBJC_MSGSEND = YES;
				ENABLE_TESTABILITY = YES;
				GCC_C_LANGUAGE_STANDARD = gnu11;
				GCC_DYNAMIC_NO_PIC = NO;
				GCC_NO_COMMON_BLOCKS = YES;
				GCC_OPTIMIZATION_LEVEL = 0;
				GCC_PREPROCESSOR_DEFINITIONS = (
					"DEBUG=1",
					"$(inherited)",
				);
				GCC_WARN_64_TO_32_BIT_CONVERSION = YES;
				GCC_WARN_ABOUT_RETURN_TYPE = YES_ERROR;
				GCC_WARN_UNDECLARED_SELECTOR = YES;
				GCC_WARN_UNINITIALIZED_AUTOS = YES_AGGRESSIVE;
				GCC_WARN_UNUSED_FUNCTION = YES;
				GCC_WARN_UNUSED_VARIABLE = YES;
				IPHONEOS_DEPLOYMENT_TARGET = 16.0;
				MTL_ENABLE_DEBUG_INFO = INCLUDE_SOURCE;
				MTL_FAST_MATH = YES;
				ONLY_ACTIVE_ARCH = YES;
				SDKROOT = iphoneos;
				SWIFT_ACTIVE_COMPILATION_CONDITIONS = DEBUG;
				SWIFT_OPTIMIZATION_LEVEL = "-Onone";
			};
			name = Debug;
		};
		0F32FF77292E1C17000B2E24 /* Release */ = {
			isa = XCBuildConfiguration;
			buildSettings = {
				ALWAYS_SEARCH_USER_PATHS = NO;
				CLANG_ANALYZER_NONNULL = YES;
				CLANG_ANALYZER_NUMBER_OBJECT_CONVERSION = YES_AGGRESSIVE;
				CLANG_CXX_LANGUAGE_STANDARD = "gnu++20";
				CLANG_ENABLE_MODULES = YES;
				CLANG_ENABLE_OBJC_ARC = YES;
				CLANG_ENABLE_OBJC_WEAK = YES;
				CLANG_WARN_BLOCK_CAPTURE_AUTORELEASING = YES;
				CLANG_WARN_BOOL_CONVERSION = YES;
				CLANG_WARN_COMMA = YES;
				CLANG_WARN_CONSTANT_CONVERSION = YES;
				CLANG_WARN_DEPRECATED_OBJC_IMPLEMENTATIONS = YES;
				CLANG_WARN_DIRECT_OBJC_ISA_USAGE = YES_ERROR;
				CLANG_WARN_DOCUMENTATION_COMMENTS = YES;
				CLANG_WARN_EMPTY_BODY = YES;
				CLANG_WARN_ENUM_CONVERSION = YES;
				CLANG_WARN_INFINITE_RECURSION = YES;
				CLANG_WARN_INT_CONVERSION = YES;
				CLANG_WARN_NON_LITERAL_NULL_CONVERSION = YES;
				CLANG_WARN_OBJC_IMPLICIT_RETAIN_SELF = YES;
				CLANG_WARN_OBJC_LITERAL_CONVERSION = YES;
				CLANG_WARN_OBJC_ROOT_CLASS = YES_ERROR;
				CLANG_WARN_QUOTED_INCLUDE_IN_FRAMEWORK_HEADER = YES;
				CLANG_WARN_RANGE_LOOP_ANALYSIS = YES;
				CLANG_WARN_STRICT_PROTOTYPES = YES;
				CLANG_WARN_SUSPICIOUS_MOVE = YES;
				CLANG_WARN_UNGUARDED_AVAILABILITY = YES_AGGRESSIVE;
				CLANG_WARN_UNREACHABLE_CODE = YES;
				CLANG_WARN__DUPLICATE_METHOD_MATCH = YES;
				COPY_PHASE_STRIP = NO;
				DEBUG_INFORMATION_FORMAT = "dwarf-with-dsym";
				ENABLE_NS_ASSERTIONS = NO;
				ENABLE_STRICT_OBJC_MSGSEND = YES;
				GCC_C_LANGUAGE_STANDARD = gnu11;
				GCC_NO_COMMON_BLOCKS = YES;
				GCC_WARN_64_TO_32_BIT_CONVERSION = YES;
				GCC_WARN_ABOUT_RETURN_TYPE = YES_ERROR;
				GCC_WARN_UNDECLARED_SELECTOR = YES;
				GCC_WARN_UNINITIALIZED_AUTOS = YES_AGGRESSIVE;
				GCC_WARN_UNUSED_FUNCTION = YES;
				GCC_WARN_UNUSED_VARIABLE = YES;
				IPHONEOS_DEPLOYMENT_TARGET = 16.0;
				MTL_ENABLE_DEBUG_INFO = NO;
				MTL_FAST_MATH = YES;
				SDKROOT = iphoneos;
				SWIFT_COMPILATION_MODE = wholemodule;
				SWIFT_OPTIMIZATION_LEVEL = "-O";
				VALIDATE_PRODUCT = YES;
			};
			name = Release;
		};
		0F32FF79292E1C17000B2E24 /* Debug */ = {
			isa = XCBuildConfiguration;
			buildSettings = {
				ASSETCATALOG_COMPILER_APPICON_NAME = AppIcon;
				ASSETCATALOG_COMPILER_GLOBAL_ACCENT_COLOR_NAME = AccentColor;
				CODE_SIGN_STYLE = Automatic;
				CURRENT_PROJECT_VERSION = 1;
				GENERATE_INFOPLIST_FILE = YES;
				INFOPLIST_FILE = MACircularCarousalBanner/Info.plist;
				INFOPLIST_KEY_UIApplicationSupportsIndirectInputEvents = YES;
				INFOPLIST_KEY_UILaunchStoryboardName = LaunchScreen;
				INFOPLIST_KEY_UIMainStoryboardFile = "";
				INFOPLIST_KEY_UISupportedInterfaceOrientations_iPad = "UIInterfaceOrientationPortrait UIInterfaceOrientationPortraitUpsideDown UIInterfaceOrientationLandscapeLeft UIInterfaceOrientationLandscapeRight";
				INFOPLIST_KEY_UISupportedInterfaceOrientations_iPhone = "UIInterfaceOrientationPortrait UIInterfaceOrientationLandscapeLeft UIInterfaceOrientationLandscapeRight";
				LD_RUNPATH_SEARCH_PATHS = (
					"$(inherited)",
					"@executable_path/Frameworks",
				);
				MARKETING_VERSION = 1.0;
				PRODUCT_BUNDLE_IDENTIFIER = com.rulewithvirtualization.MACircularCarousalBanner;
				PRODUCT_NAME = "$(TARGET_NAME)";
				SWIFT_EMIT_LOC_STRINGS = YES;
				SWIFT_VERSION = 5.0;
				TARGETED_DEVICE_FAMILY = "1,2";
			};
			name = Debug;
		};
		0F32FF7A292E1C17000B2E24 /* Release */ = {
			isa = XCBuildConfiguration;
			buildSettings = {
				ASSETCATALOG_COMPILER_APPICON_NAME = AppIcon;
				ASSETCATALOG_COMPILER_GLOBAL_ACCENT_COLOR_NAME = AccentColor;
				CODE_SIGN_STYLE = Automatic;
				CURRENT_PROJECT_VERSION = 1;
				GENERATE_INFOPLIST_FILE = YES;
				INFOPLIST_FILE = MACircularCarousalBanner/Info.plist;
				INFOPLIST_KEY_UIApplicationSupportsIndirectInputEvents = YES;
				INFOPLIST_KEY_UILaunchStoryboardName = LaunchScreen;
				INFOPLIST_KEY_UIMainStoryboardFile = "";
				INFOPLIST_KEY_UISupportedInterfaceOrientations_iPad = "UIInterfaceOrientationPortrait UIInterfaceOrientationPortraitUpsideDown UIInterfaceOrientationLandscapeLeft UIInterfaceOrientationLandscapeRight";
				INFOPLIST_KEY_UISupportedInterfaceOrientations_iPhone = "UIInterfaceOrientationPortrait UIInterfaceOrientationLandscapeLeft UIInterfaceOrientationLandscapeRight";
				LD_RUNPATH_SEARCH_PATHS = (
					"$(inherited)",
					"@executable_path/Frameworks",
				);
				MARKETING_VERSION = 1.0;
				PRODUCT_BUNDLE_IDENTIFIER = com.rulewithvirtualization.MACircularCarousalBanner;
				PRODUCT_NAME = "$(TARGET_NAME)";
				SWIFT_EMIT_LOC_STRINGS = YES;
				SWIFT_VERSION = 5.0;
				TARGETED_DEVICE_FAMILY = "1,2";
			};
			name = Release;
		};
/* End XCBuildConfiguration section */

/* Begin XCConfigurationList section */
		0F32FF5F292E1C16000B2E24 /* Build configuration list for PBXProject "MACircularCarousalBanner" */ = {
			isa = XCConfigurationList;
			buildConfigurations = (
				0F32FF76292E1C17000B2E24 /* Debug */,
				0F32FF77292E1C17000B2E24 /* Release */,
			);
			defaultConfigurationIsVisible = 0;
			defaultConfigurationName = Release;
		};
		0F32FF78292E1C17000B2E24 /* Build configuration list for PBXNativeTarget "MACircularCarousalBanner" */ = {
			isa = XCConfigurationList;
			buildConfigurations = (
				0F32FF79292E1C17000B2E24 /* Debug */,
				0F32FF7A292E1C17000B2E24 /* Release */,
			);
			defaultConfigurationIsVisible = 0;
			defaultConfigurationName = Release;
		};
/* End XCConfigurationList section */
	};
	rootObject = 0F32FF5C292E1C16000B2E24 /* Project object */;
}
